# This file is automatically @generated by Poetry 2.1.4 and should not be changed by hand.

[[package]]
name = "cocotb"
version = "2.0.0b1"
description = "cocotb is a coroutine based cosimulation library for writing VHDL and Verilog testbenches in Python."
optional = false
python-versions = ">=3.6.2"
groups = ["main"]
files = [
    {file = "cocotb-2.0.0b1-cp310-cp310-macosx_10_9_x86_64.whl", hash = "sha256:1029ac07390a962c9952c12d16cff8289fc4623e572b76157ef4e6b60d0cf06c"},
    {file = "cocotb-2.0.0b1-cp310-cp310-manylinux_2_17_x86_64.manylinux2014_x86_64.whl", hash = "sha256:9a18493d6a90ef99af5faef7cda3175537bd7b965b9411960b290adbcefd74b7"},
    {file = "cocotb-2.0.0b1-cp310-cp310-manylinux_2_5_i686.manylinux1_i686.manylinux_2_17_i686.manylinux2014_i686.whl", hash = "sha256:a63990d0d6d7882654a494ffcc3608aefb7a7a51815e1d99d25ae6b9aac76a4a"},
    {file = "cocotb-2.0.0b1-cp310-cp310-win32.whl", hash = "sha256:2066e772a78929bb6e3acd90b33c53e797678f0e6a85bd571c2356b54af73519"},
    {file = "cocotb-2.0.0b1-cp310-cp310-win_amd64.whl", hash = "sha256:9d5e949a3c5578370a6a9828fa4dbc343ab22c9c90d1b082093fe5510c4f819f"},
    {file = "cocotb-2.0.0b1-cp311-cp311-macosx_10_9_x86_64.whl", hash = "sha256:07ca169ce0745a8d6c7b39020d4260f996374300247de2c60ef327ab50159b22"},
    {file = "cocotb-2.0.0b1-cp311-cp311-manylinux_2_17_x86_64.manylinux2014_x86_64.whl", hash = "sha256:f9cc7285e5cb6d28665515825ee31d77ce10a0f1c8e5051976a02b36c7e2cd88"},
    {file = "cocotb-2.0.0b1-cp311-cp311-manylinux_2_5_i686.manylinux1_i686.manylinux_2_17_i686.manylinux2014_i686.whl", hash = "sha256:1b9db17c66bbd654e3e5c18c7abaaf51a31840a4893cb72ff6491fe397742e79"},
    {file = "cocotb-2.0.0b1-cp311-cp311-win32.whl", hash = "sha256:3dfec130caf8b3651c05411100fe6086909b6effb57de4aecf472a1b20c8460a"},
    {file = "cocotb-2.0.0b1-cp311-cp311-win_amd64.whl", hash = "sha256:1648da484ac7923573535edb16741e86d6043dcd19d6b4d9aa539864cbba876c"},
    {file = "cocotb-2.0.0b1-cp312-cp312-macosx_10_9_x86_64.whl", hash = "sha256:1df9bd033ced853c3ef7e6d0f77ab9056c2c168a55ee95755f14ca4f60dd9e4c"},
    {file = "cocotb-2.0.0b1-cp312-cp312-manylinux_2_17_x86_64.manylinux2014_x86_64.whl", hash = "sha256:85f594d20628da5eb4b977102bcdb5ede6271402743849a45f1c1834c8485fe1"},
    {file = "cocotb-2.0.0b1-cp312-cp312-manylinux_2_5_i686.manylinux1_i686.manylinux_2_17_i686.manylinux2014_i686.whl", hash = "sha256:085684e3219bc18fdf87a69aabbb948e42d941dbe1dce61cd45dfa6f8737b1b7"},
    {file = "cocotb-2.0.0b1-cp312-cp312-win32.whl", hash = "sha256:7a5d5af6c1b1b2ee51fb3c2c65b141a2d3a1beabf307c8f32a6f0a37e4228b18"},
    {file = "cocotb-2.0.0b1-cp312-cp312-win_amd64.whl", hash = "sha256:6691ca31c173027c6b87e8dece13eb81942ad531b48de7c761f6c1492ae91b85"},
    {file = "cocotb-2.0.0b1-cp313-cp313-macosx_10_13_x86_64.whl", hash = "sha256:b6719af48e71ff3a4a143c4de54fd1f284161ce7b9687876a0f680ead9149924"},
    {file = "cocotb-2.0.0b1-cp313-cp313-manylinux_2_17_x86_64.manylinux2014_x86_64.whl", hash = "sha256:72255ff6ea6e1a36f1ac437223d9c3f616018925e2b5b7db2c7b1018471caf66"},
    {file = "cocotb-2.0.0b1-cp313-cp313-manylinux_2_5_i686.manylinux1_i686.manylinux_2_17_i686.manylinux2014_i686.whl", hash = "sha256:0209febfc410957331bd65dff3d22af994afa81f2e553b32b0e06ccbe727796b"},
    {file = "cocotb-2.0.0b1-cp313-cp313-win32.whl", hash = "sha256:684bf5c6ce0a6d80cfc9f7d7487c698bd7166efd247fbee6b0dbf73d37132af7"},
    {file = "cocotb-2.0.0b1-cp313-cp313-win_amd64.whl", hash = "sha256:7b6977ec69a33b256da1b61ae6df2e6b391dee9c2d6971af8a30c99ba0b9514f"},
    {file = "cocotb-2.0.0b1-cp36-cp36m-macosx_10_9_x86_64.whl", hash = "sha256:69fd28313fa8de97304cc7ab041ed952afa06761549c4e68bba352b4686fa405"},
    {file = "cocotb-2.0.0b1-cp36-cp36m-manylinux_2_5_i686.manylinux1_i686.whl", hash = "sha256:abded7759e9c44cc36761b993587225da42d90b568eb018fabefa51e606b65e1"},
    {file = "cocotb-2.0.0b1-cp36-cp36m-manylinux_2_5_x86_64.manylinux1_x86_64.whl", hash = "sha256:e8b8d46cc6105d141e0d2b4bb0752339bb3e1717c09bd310e9dcbe8b573fc359"},
    {file = "cocotb-2.0.0b1-cp36-cp36m-win32.whl", hash = "sha256:091105b19da667b25ee580bb29beeb09d0495c39644114ef57040578a2f83209"},
    {file = "cocotb-2.0.0b1-cp36-cp36m-win_amd64.whl", hash = "sha256:821d5a0655fd203517af22a0d4db0c176648d954e5513bca3462a26b9d1c4114"},
    {file = "cocotb-2.0.0b1-cp37-cp37m-macosx_10_9_x86_64.whl", hash = "sha256:a7e4d96c24e3d48b98408d2269dbd3e7c10c0057eb873a9d77924392b91cae86"},
    {file = "cocotb-2.0.0b1-cp37-cp37m-manylinux_2_17_x86_64.manylinux2014_x86_64.whl", hash = "sha256:11c9c839c759db598f969b4236df5af9e1ea801df09cc348fbd22ec5c82acc26"},
    {file = "cocotb-2.0.0b1-cp37-cp37m-manylinux_2_5_i686.manylinux1_i686.manylinux_2_17_i686.manylinux2014_i686.whl", hash = "sha256:8bace83e98f1fa4356bcc7e24a5c351491b183e3520b1723aa4da7cfa356b7d5"},
    {file = "cocotb-2.0.0b1-cp37-cp37m-win32.whl", hash = "sha256:a8c93b16ea4f377cac14dfb52b91ce99f01e1dbd1054c50319674cf4388646d1"},
    {file = "cocotb-2.0.0b1-cp37-cp37m-win_amd64.whl", hash = "sha256:2317d6b89bd580482e6464811af580dc61a432f6f61568245b0f1888e52444c3"},
    {file = "cocotb-2.0.0b1-cp38-cp38-macosx_10_9_x86_64.whl", hash = "sha256:2cd75eb49867c5de8d4783cdbf0e336efeef4feb4a412ea75d49603d9136280b"},
    {file = "cocotb-2.0.0b1-cp38-cp38-manylinux_2_17_x86_64.manylinux2014_x86_64.whl", hash = "sha256:b58c93a2cf62955eb367d2d38840a23f7b02e1c33c459c5aa154c6068f16386a"},
    {file = "cocotb-2.0.0b1-cp38-cp38-manylinux_2_5_i686.manylinux1_i686.manylinux_2_17_i686.manylinux2014_i686.whl", hash = "sha256:d888309018cf009b83c2c59fffb7b9e328bd7388f492c24e7f09a44c117c06f2"},
    {file = "cocotb-2.0.0b1-cp38-cp38-win32.whl", hash = "sha256:c4609eb195b89602a9916ab5d1c0954df1e6ed6d3489e00e4994da3fbc4f1901"},
    {file = "cocotb-2.0.0b1-cp38-cp38-win_amd64.whl", hash = "sha256:3c349bb7f01c8446c5174c8485838e6507ec7ec2d011df26868e671470760e1d"},
    {file = "cocotb-2.0.0b1-cp39-cp39-macosx_10_9_x86_64.whl", hash = "sha256:a715ac84a22d254f680a7b04f4a597660b56aa06b39920e382b2220157f1f22c"},
    {file = "cocotb-2.0.0b1-cp39-cp39-manylinux_2_17_x86_64.manylinux2014_x86_64.whl", hash = "sha256:69ec9bce9360028f3641184e2b4d2104ed4a53c5b69948805397b4f96663b4f1"},
    {file = "cocotb-2.0.0b1-cp39-cp39-manylinux_2_5_i686.manylinux1_i686.manylinux_2_17_i686.manylinux2014_i686.whl", hash = "sha256:32b6b814c8acd1e69de5ab48a45b05817110b29eec521c80d7f8d422b97fc74a"},
    {file = "cocotb-2.0.0b1-cp39-cp39-win32.whl", hash = "sha256:f5469eb3ae32cec48827695ff0d90565f260700ddeedd097387374b845ce9490"},
    {file = "cocotb-2.0.0b1-cp39-cp39-win_amd64.whl", hash = "sha256:d3222b3700209974a42e470f6b91bdd4d8963b3853125941579972926ebd5e80"},
    {file = "cocotb-2.0.0b1.tar.gz", hash = "sha256:a4d07816699bf7efd51098af17e0e740211b0bed479004c6a9fa432155841ce4"},
]

[package.dependencies]
find_libpython = "*"

[[package]]
name = "colorama"
version = "0.4.6"
description = "Cross-platform colored terminal text."
optional = false
python-versions = "!=3.0.*,!=3.1.*,!=3.2.*,!=3.3.*,!=3.4.*,!=3.5.*,!=3.6.*,>=2.7"
groups = ["main"]
markers = "sys_platform == \"win32\""
files = [
    {file = "colorama-0.4.6-py2.py3-none-any.whl", hash = "sha256:4f1d9991f5acc0ca119f9d443620b77f9d6b33703e51011c16baf57afb285fc6"},
    {file = "colorama-0.4.6.tar.gz", hash = "sha256:08695f5cb7ed6e0531a20572697297273c47b8cae5a63ffc6d6ed5c201be6e44"},
]

[[package]]
name = "exceptiongroup"
version = "1.3.0"
description = "Backport of PEP 654 (exception groups)"
optional = false
python-versions = ">=3.7"
groups = ["main"]
markers = "python_version < \"3.11\""
files = [
    {file = "exceptiongroup-1.3.0-py3-none-any.whl", hash = "sha256:4d111e6e0c13d0644cad6ddaa7ed0261a0b36971f6d23e7ec9b4b9097da78a10"},
    {file = "exceptiongroup-1.3.0.tar.gz", hash = "sha256:b241f5885f560bc56a59ee63ca4c6a8bfa46ae4ad651af316d4e81817bb9fd88"},
]

[package.dependencies]
typing-extensions = {version = ">=4.6.0", markers = "python_version < \"3.13\""}

[package.extras]
test = ["pytest (>=6)"]

[[package]]
name = "find-libpython"
version = "0.4.1"
description = "Finds the libpython associated with your environment, wherever it may be hiding"
optional = false
python-versions = "*"
groups = ["main"]
files = [
    {file = "find_libpython-0.4.1-py3-none-any.whl", hash = "sha256:22e522957e05f293c3403d0122c77d18007c5196f61054905c480e01b75fa236"},
    {file = "find_libpython-0.4.1.tar.gz", hash = "sha256:7e6edbbaaa8648c8c7c13c54b127653c83cfb01a853db7e5b1ee2e97c10b2353"},
]

[[package]]
name = "iniconfig"
version = "2.1.0"
description = "brain-dead simple config-ini parsing"
optional = false
python-versions = ">=3.8"
groups = ["main"]
files = [
    {file = "iniconfig-2.1.0-py3-none-any.whl", hash = "sha256:9deba5723312380e77435581c6bf4935c94cbfab9b1ed33ef8d238ea168eb760"},
    {file = "iniconfig-2.1.0.tar.gz", hash = "sha256:3abbd2e30b36733fee78f9c7f7308f2d0050e88f0087fd25c2645f63c773e1c7"},
]

[[package]]
name = "packaging"
version = "25.0"
description = "Core utilities for Python packages"
optional = false
python-versions = ">=3.8"
groups = ["main"]
files = [
    {file = "packaging-25.0-py3-none-any.whl", hash = "sha256:29572ef2b1f17581046b3a2227d5c611fb25ec70ca1ba8554b24b0e69331a484"},
    {file = "packaging-25.0.tar.gz", hash = "sha256:d443872c98d677bf60f6a1f2f8c1cb748e8fe762d2bf9d3148b5599295b0fc4f"},
]

[[package]]
name = "pluggy"
version = "1.6.0"
description = "plugin and hook calling mechanisms for python"
optional = false
python-versions = ">=3.9"
groups = ["main"]
files = [
    {file = "pluggy-1.6.0-py3-none-any.whl", hash = "sha256:e920276dd6813095e9377c0bc5566d94c932c33b27a3e3945d8389c374dd4746"},
    {file = "pluggy-1.6.0.tar.gz", hash = "sha256:7dcc130b76258d33b90f61b658791dede3486c3e6bfb003ee5c9bfb396dd22f3"},
]

[package.extras]
dev = ["pre-commit", "tox"]
testing = ["coverage", "pytest", "pytest-benchmark"]

[[package]]
name = "pygments"
version = "2.19.2"
description = "Pygments is a syntax highlighting package written in Python."
optional = false
python-versions = ">=3.8"
groups = ["main"]
files = [
    {file = "pygments-2.19.2-py3-none-any.whl", hash = "sha256:86540386c03d588bb81d44bc3928634ff26449851e99741617ecb9037ee5ec0b"},
    {file = "pygments-2.19.2.tar.gz", hash = "sha256:636cb2477cec7f8952536970bc533bc43743542f70392ae026374600add5b887"},
]

[package.extras]
windows-terminal = ["colorama (>=0.4.6)"]

[[package]]
name = "pytest"
version = "8.4.1"
description = "pytest: simple powerful testing with Python"
optional = false
python-versions = ">=3.9"
groups = ["main"]
files = [
    {file = "pytest-8.4.1-py3-none-any.whl", hash = "sha256:539c70ba6fcead8e78eebbf1115e8b589e7565830d7d006a8723f19ac8a0afb7"},
    {file = "pytest-8.4.1.tar.gz", hash = "sha256:7c67fd69174877359ed9371ec3af8a3d2b04741818c51e5e99cc1742251fa93c"},
]

[package.dependencies]
colorama = {version = ">=0.4", markers = "sys_platform == \"win32\""}
exceptiongroup = {version = ">=1", markers = "python_version < \"3.11\""}
iniconfig = ">=1"
packaging = ">=20"
pluggy = ">=1.5,<2"
pygments = ">=2.7.2"
tomli = {version = ">=1", markers = "python_version < \"3.11\""}

[package.extras]
dev = ["argcomplete", "attrs (>=19.2)", "hypothesis (>=3.56)", "mock", "requests", "setuptools", "xmlschema"]

[[package]]
name = "tomli"
version = "2.2.1"
description = "A lil' TOML parser"
optional = false
python-versions = ">=3.8"
groups = ["main"]
markers = "python_version < \"3.11\""
files = [
    {file = "tomli-2.2.1-cp311-cp311-macosx_10_9_x86_64.whl", hash = "sha256:678e4fa69e4575eb77d103de3df8a895e1591b48e740211bd1067378c69e8249"},
    {file = "tomli-2.2.1-cp311-cp311-macosx_11_0_arm64.whl", hash = "sha256:023aa114dd824ade0100497eb2318602af309e5a55595f76b626d6d9f3b7b0a6"},
    {file = "tomli-2.2.1-cp311-cp311-manylinux_2_17_aarch64.manylinux2014_aarch64.whl", hash = "sha256:ece47d672db52ac607a3d9599a9d48dcb2f2f735c6c2d1f34130085bb12b112a"},
    {file = "tomli-2.2.1-cp311-cp311-manylinux_2_17_x86_64.manylinux2014_x86_64.whl", hash = "sha256:6972ca9c9cc9f0acaa56a8ca1ff51e7af152a9f87fb64623e31d5c83700080ee"},
    {file = "tomli-2.2.1-cp311-cp311-manylinux_2_5_i686.manylinux1_i686.manylinux_2_17_i686.manylinux2014_i686.whl", hash = "sha256:c954d2250168d28797dd4e3ac5cf812a406cd5a92674ee4c8f123c889786aa8e"},
    {file = "tomli-2.2.1-cp311-cp311-musllinux_1_2_aarch64.whl", hash = "sha256:8dd28b3e155b80f4d54beb40a441d366adcfe740969820caf156c019fb5c7ec4"},
    {file = "tomli-2.2.1-cp311-cp311-musllinux_1_2_i686.whl", hash = "sha256:e59e304978767a54663af13c07b3d1af22ddee3bb2fb0618ca1593e4f593a106"},
    {file = "tomli-2.2.1-cp311-cp311-musllinux_1_2_x86_64.whl", hash = "sha256:33580bccab0338d00994d7f16f4c4ec25b776af3ffaac1ed74e0b3fc95e885a8"},
    {file = "tomli-2.2.1-cp311-cp311-win32.whl", hash = "sha256:465af0e0875402f1d226519c9904f37254b3045fc5084697cefb9bdde1ff99ff"},
    {file = "tomli-2.2.1-cp311-cp311-win_amd64.whl", hash = "sha256:2d0f2fdd22b02c6d81637a3c95f8cd77f995846af7414c5c4b8d0545afa1bc4b"},
    {file = "tomli-2.2.1-cp312-cp312-macosx_10_13_x86_64.whl", hash = "sha256:4a8f6e44de52d5e6c657c9fe83b562f5f4256d8ebbfe4ff922c495620a7f6cea"},
    {file = "tomli-2.2.1-cp312-cp312-macosx_11_0_arm64.whl", hash = "sha256:8d57ca8095a641b8237d5b079147646153d22552f1c637fd3ba7f4b0b29167a8"},
    {file = "tomli-2.2.1-cp312-cp312-manylinux_2_17_aarch64.manylinux2014_aarch64.whl", hash = "sha256:4e340144ad7ae1533cb897d406382b4b6fede8890a03738ff1683af800d54192"},
    {file = "tomli-2.2.1-cp312-cp312-manylinux_2_17_x86_64.manylinux2014_x86_64.whl", hash = "sha256:db2b95f9de79181805df90bedc5a5ab4c165e6ec3fe99f970d0e302f384ad222"},
    {file = "tomli-2.2.1-cp312-cp312-manylinux_2_5_i686.manylinux1_i686.manylinux_2_17_i686.manylinux2014_i686.whl", hash = "sha256:40741994320b232529c802f8bc86da4e1aa9f413db394617b9a256ae0f9a7f77"},
    {file = "tomli-2.2.1-cp312-cp312-musllinux_1_2_aarch64.whl", hash = "sha256:400e720fe168c0f8521520190686ef8ef033fb19fc493da09779e592861b78c6"},
    {file = "tomli-2.2.1-cp312-cp312-musllinux_1_2_i686.whl", hash = "sha256:02abe224de6ae62c19f090f68da4e27b10af2b93213d36cf44e6e1c5abd19fdd"},
    {file = "tomli-2.2.1-cp312-cp312-musllinux_1_2_x86_64.whl", hash = "sha256:b82ebccc8c8a36f2094e969560a1b836758481f3dc360ce9a3277c65f374285e"},
    {file = "tomli-2.2.1-cp312-cp312-win32.whl", hash = "sha256:889f80ef92701b9dbb224e49ec87c645ce5df3fa2cc548664eb8a25e03127a98"},
    {file = "tomli-2.2.1-cp312-cp312-win_amd64.whl", hash = "sha256:7fc04e92e1d624a4a63c76474610238576942d6b8950a2d7f908a340494e67e4"},
    {file = "tomli-2.2.1-cp313-cp313-macosx_10_13_x86_64.whl", hash = "sha256:f4039b9cbc3048b2416cc57ab3bda989a6fcf9b36cf8937f01a6e731b64f80d7"},
    {file = "tomli-2.2.1-cp313-cp313-macosx_11_0_arm64.whl", hash = "sha256:286f0ca2ffeeb5b9bd4fcc8d6c330534323ec51b2f52da063b11c502da16f30c"},
    {file = "tomli-2.2.1-cp313-cp313-manylinux_2_17_aarch64.manylinux2014_aarch64.whl", hash = "sha256:a92ef1a44547e894e2a17d24e7557a5e85a9e1d0048b0b5e7541f76c5032cb13"},
    {file = "tomli-2.2.1-cp313-cp313-manylinux_2_17_x86_64.manylinux2014_x86_64.whl", hash = "sha256:9316dc65bed1684c9a98ee68759ceaed29d229e985297003e494aa825ebb0281"},
    {file = "tomli-2.2.1-cp313-cp313-manylinux_2_5_i686.manylinux1_i686.manylinux_2_17_i686.manylinux2014_i686.whl", hash = "sha256:e85e99945e688e32d5a35c1ff38ed0b3f41f43fad8df0bdf79f72b2ba7bc5272"},
    {file = "tomli-2.2.1-cp313-cp313-musllinux_1_2_aarch64.whl", hash = "sha256:ac065718db92ca818f8d6141b5f66369833d4a80a9d74435a268c52bdfa73140"},
    {file = "tomli-2.2.1-cp313-cp313-musllinux_1_2_i686.whl", hash = "sha256:d920f33822747519673ee656a4b6ac33e382eca9d331c87770faa3eef562aeb2"},
    {file = "tomli-2.2.1-cp313-cp313-musllinux_1_2_x86_64.whl", hash = "sha256:a198f10c4d1b1375d7687bc25294306e551bf1abfa4eace6650070a5c1ae2744"},
    {file = "tomli-2.2.1-cp313-cp313-win32.whl", hash = "sha256:d3f5614314d758649ab2ab3a62d4f2004c825922f9e370b29416484086b264ec"},
    {file = "tomli-2.2.1-cp313-cp313-win_amd64.whl", hash = "sha256:a38aa0308e754b0e3c67e344754dff64999ff9b513e691d0e786265c93583c69"},
    {file = "tomli-2.2.1-py3-none-any.whl", hash = "sha256:cb55c73c5f4408779d0cf3eef9f762b9c9f147a77de7b258bef0a5628adc85cc"},
    {file = "tomli-2.2.1.tar.gz", hash = "sha256:cd45e1dc79c835ce60f7404ec8119f2eb06d38b1deba146f07ced3bbc44505ff"},
]

[[package]]
name = "typing-extensions"
version = "4.14.1"
description = "Backported and Experimental Type Hints for Python 3.9+"
optional = false
python-versions = ">=3.9"
groups = ["main"]
markers = "python_version < \"3.11\""
files = [
    {file = "typing_extensions-4.14.1-py3-none-any.whl", hash = "sha256:d1e1e3b58374dc93031d6eda2420a48ea44a36c2b4766a4fdeb3710755731d76"},
    {file = "typing_extensions-4.14.1.tar.gz", hash = "sha256:38b39f4aeeab64884ce9f74c94263ef78f3c22467c8724005483154c26648d36"},
]

[metadata]
lock-version = "2.1"
python-versions = ">=3.9"
content-hash = "e2f7d16a3c72a86b16c071df4caa58f36d12b91d8ae992597be9ad798655061b"
